
Microsoft Visual Studio Solution File, Format Version 12.00
# Visual Studio Version 16
VisualStudioVersion = 16.0.29306.81
MinimumVisualStudioVersion = 10.0.40219.1
Project("{9A19103F-16F7-4668-BE54-9A1E7A4F7556}") = "ExemploJWT", "ExemploJWT\ExemploJWT.csproj", "{1D2284EB-A8FB-4185-B0C0-4173CF0BE651}"
EndProject
Project("{9A19103F-16F7-4668-BE54-9A1E7A4F7556}") = "ExemploJWT.Identity", "ExemploJWT.Identity\ExemploJWT.Identity.csproj", "{FD2681CE-8F08-4B5A-98C2-22E25D9F8365}"
EndProject
Project("{FAE04EC0-301F-11D3-BF4B-00C04F79EFBC}") = "ExemploJWT.Web", "ExemploJWT.Web\ExemploJWT.Web.csproj", "{422FADC6-64EF-491A-9CF1-7DE39F28D845}"
EndProject
Global
	GlobalSection(SolutionConfigurationPlatforms) = preSolution
		Debug|Any CPU = Debug|Any CPU
		Release|Any CPU = Release|Any CPU
	EndGlobalSection
	GlobalSection(ProjectConfigurationPlatforms) = postSolution
		{1D2284EB-A8FB-4185-B0C0-4173CF0BE651}.Debug|Any CPU.ActiveCfg = Debug|Any CPU
		{1D2284EB-A8FB-4185-B0C0-4173CF0BE651}.Debug|Any CPU.Build.0 = Debug|Any CPU
		{1D2284EB-A8FB-4185-B0C0-4173CF0BE651}.Release|Any CPU.ActiveCfg = Release|Any CPU
		{1D2284EB-A8FB-4185-B0C0-4173CF0BE651}.Release|Any CPU.Build.0 = Release|Any CPU
		{FD2681CE-8F08-4B5A-98C2-22E25D9F8365}.Debug|Any CPU.ActiveCfg = Debug|Any CPU
		{FD2681CE-8F08-4B5A-98C2-22E25D9F8365}.Debug|Any CPU.Build.0 = Debug|Any CPU
		{FD2681CE-8F08-4B5A-98C2-22E25D9F8365}.Release|Any CPU.ActiveCfg = Release|Any CPU
		{FD2681CE-8F08-4B5A-98C2-22E25D9F8365}.Release|Any CPU.Build.0 = Release|Any CPU
		{422FADC6-64EF-491A-9CF1-7DE39F28D845}.Debug|Any CPU.ActiveCfg = Debug|Any CPU
		{422FADC6-64EF-491A-9CF1-7DE39F28D845}.Debug|Any CPU.Build.0 = Debug|Any CPU
		{422FADC6-64EF-491A-9CF1-7DE39F28D845}.Release|Any CPU.ActiveCfg = Release|Any CPU
		{422FADC6-64EF-491A-9CF1-7DE39F28D845}.Release|Any CPU.Build.0 = Release|Any CPU
	EndGlobalSection
	GlobalSection(SolutionProperties) = preSolution
		HideSolutionNode = FALSE
	EndGlobalSection
	GlobalSection(ExtensibilityGlobals) = postSolution
		SolutionGuid = {F5957726-EB9C-4ECD-8C9E-3AB1F39CD130}
	EndGlobalSection
EndGlobal
